
Microsoft Visual Studio Solution File, Format Version 12.00
# Visual Studio Version 16
VisualStudioVersion = 16.0.30330.147
MinimumVisualStudioVersion = 10.0.40219.1
Project("{FAE04EC0-301F-11D3-BF4B-00C04F79EFBC}") = "ourproj2", "ourproj2\ourproj2.csproj", "{8B2224D1-31F7-4B00-BE3D-4AA71FF4E029}"
EndProject
Global
	GlobalSection(SolutionConfigurationPlatforms) = preSolution
		Debug|Any CPU = Debug|Any CPU
		Release|Any CPU = Release|Any CPU
	EndGlobalSection
	GlobalSection(ProjectConfigurationPlatforms) = postSolution
		{8B2224D1-31F7-4B00-BE3D-4AA71FF4E029}.Debug|Any CPU.ActiveCfg = Debug|Any CPU
		{8B2224D1-31F7-4B00-BE3D-4AA71FF4E029}.Debug|Any CPU.Build.0 = Debug|Any CPU
		{8B2224D1-31F7-4B00-BE3D-4AA71FF4E029}.Release|Any CPU.ActiveCfg = Release|Any CPU
		{8B2224D1-31F7-4B00-BE3D-4AA71FF4E029}.Release|Any CPU.Build.0 = Release|Any CPU
	EndGlobalSection
	GlobalSection(SolutionProperties) = preSolution
		HideSolutionNode = FALSE
	EndGlobalSection
	GlobalSection(ExtensibilityGlobals) = postSolution
		SolutionGuid = {D4F0C832-5353-4958-A9B8-189F08509BAF}
	EndGlobalSection
EndGlobal
